
Microsoft Visual Studio Solution File, Format Version 12.00
# Visual Studio Version 16
VisualStudioVersion = 16.0.30413.136
MinimumVisualStudioVersion = 10.0.40219.1
Project("{9A19103F-16F7-4668-BE54-9A1E7A4F7556}") = "GameServer", "GameServer\GameServer.csproj", "{F3E575C2-4ED6-4817-864B-3312630192C9}"
EndProject
Global
	GlobalSection(SolutionConfigurationPlatforms) = preSolution
		Debug|Any CPU = Debug|Any CPU
		Release|Any CPU = Release|Any CPU
	EndGlobalSection
	GlobalSection(ProjectConfigurationPlatforms) = postSolution
		{F3E575C2-4ED6-4817-864B-3312630192C9}.Debug|Any CPU.ActiveCfg = Debug|Any CPU
		{F3E575C2-4ED6-4817-864B-3312630192C9}.Debug|Any CPU.Build.0 = Debug|Any CPU
		{F3E575C2-4ED6-4817-864B-3312630192C9}.Release|Any CPU.ActiveCfg = Release|Any CPU
		{F3E575C2-4ED6-4817-864B-3312630192C9}.Release|Any CPU.Build.0 = Release|Any CPU
	EndGlobalSection
	GlobalSection(SolutionProperties) = preSolution
		HideSolutionNode = FALSE
	EndGlobalSection
	GlobalSection(ExtensibilityGlobals) = postSolution
		SolutionGuid = {1E0D853E-A02E-4594-9D99-4EC92D6DF5EB}
	EndGlobalSection
EndGlobal
